
Microsoft Visual Studio Solution File, Format Version 12.00
# Visual Studio Version 17
VisualStudioVersion = 17.13.35825.156 d17.13
MinimumVisualStudioVersion = 10.0.40219.1
Project("{FAE04EC0-301F-11D3-BF4B-00C04F79EFBC}") = "BookModelvalidation", "BookModelvalidation\BookModelvalidation.csproj", "{06826E6E-71AC-47C2-B82F-E2E52F68B719}"
EndProject
Global
	GlobalSection(SolutionConfigurationPlatforms) = preSolution
		Debug|Any CPU = Debug|Any CPU
		Release|Any CPU = Release|Any CPU
	EndGlobalSection
	GlobalSection(ProjectConfigurationPlatforms) = postSolution
		{06826E6E-71AC-47C2-B82F-E2E52F68B719}.Debug|Any CPU.ActiveCfg = Debug|Any CPU
		{06826E6E-71AC-47C2-B82F-E2E52F68B719}.Debug|Any CPU.Build.0 = Debug|Any CPU
		{06826E6E-71AC-47C2-B82F-E2E52F68B719}.Release|Any CPU.ActiveCfg = Release|Any CPU
		{06826E6E-71AC-47C2-B82F-E2E52F68B719}.Release|Any CPU.Build.0 = Release|Any CPU
	EndGlobalSection
	GlobalSection(SolutionProperties) = preSolution
		HideSolutionNode = FALSE
	EndGlobalSection
	GlobalSection(ExtensibilityGlobals) = postSolution
		SolutionGuid = {16E38475-A6E0-4F43-8157-DDA88A61CE6D}
	EndGlobalSection
EndGlobal
