
Microsoft Visual Studio Solution File, Format Version 12.00
# Visual Studio Version 17
VisualStudioVersion = 17.13.35931.197 d17.13
MinimumVisualStudioVersion = 10.0.40219.1
Project("{FAE04EC0-301F-11D3-BF4B-00C04F79EFBC}") = "StudentDAL", "StudentDAL\StudentDAL.csproj", "{AEE9CDC0-043F-497A-94CC-15772EA3A4AD}"
EndProject
Project("{FAE04EC0-301F-11D3-BF4B-00C04F79EFBC}") = "StudentTests", "StudentTests\StudentTests.csproj", "{9591EAD3-9AB8-4608-ADB5-35ABAD1A05C9}"
EndProject
Global
	GlobalSection(SolutionConfigurationPlatforms) = preSolution
		Debug|Any CPU = Debug|Any CPU
		Release|Any CPU = Release|Any CPU
	EndGlobalSection
	GlobalSection(ProjectConfigurationPlatforms) = postSolution
		{AEE9CDC0-043F-497A-94CC-15772EA3A4AD}.Debug|Any CPU.ActiveCfg = Debug|Any CPU
		{AEE9CDC0-043F-497A-94CC-15772EA3A4AD}.Debug|Any CPU.Build.0 = Debug|Any CPU
		{AEE9CDC0-043F-497A-94CC-15772EA3A4AD}.Release|Any CPU.ActiveCfg = Release|Any CPU
		{AEE9CDC0-043F-497A-94CC-15772EA3A4AD}.Release|Any CPU.Build.0 = Release|Any CPU
		{9591EAD3-9AB8-4608-ADB5-35ABAD1A05C9}.Debug|Any CPU.ActiveCfg = Debug|Any CPU
		{9591EAD3-9AB8-4608-ADB5-35ABAD1A05C9}.Debug|Any CPU.Build.0 = Debug|Any CPU
		{9591EAD3-9AB8-4608-ADB5-35ABAD1A05C9}.Release|Any CPU.ActiveCfg = Release|Any CPU
		{9591EAD3-9AB8-4608-ADB5-35ABAD1A05C9}.Release|Any CPU.Build.0 = Release|Any CPU
	EndGlobalSection
	GlobalSection(SolutionProperties) = preSolution
		HideSolutionNode = FALSE
	EndGlobalSection
	GlobalSection(ExtensibilityGlobals) = postSolution
		SolutionGuid = {AF09B5D0-E3C0-4F7F-94F6-1605F4D48E69}
	EndGlobalSection
EndGlobal
